
Microsoft Visual Studio Solution File, Format Version 10.00
# Visual Studio 2008
Project("{8BC9CEB8-8B4A-11D0-8D11-00A0C91BC942}") = "Sample_Test_PC", "Project_PC\Sample_Test_PC.vcproj", "{D7A04ABE-CAB4-4762-9696-127E76EA35B3}"
	ProjectSection(ProjectDependencies) = postProject
		{21270364-631D-48C8-A710-D7C9472EDEE5} = {21270364-631D-48C8-A710-D7C9472EDEE5}
	EndProjectSection
EndProject
Project("{8BC9CEB8-8B4A-11D0-8D11-00A0C91BC942}") = "Sample_TestLib", "Sample_TestLib.vcproj", "{21270364-631D-48C8-A710-D7C9472EDEE5}"
EndProject
Global
	GlobalSection(SolutionConfigurationPlatforms) = preSolution
		Debug|Win32 = Debug|Win32
		Release|Win32 = Release|Win32
	EndGlobalSection
	GlobalSection(ProjectConfigurationPlatforms) = postSolution
		{D7A04ABE-CAB4-4762-9696-127E76EA35B3}.Debug|Win32.ActiveCfg = Debug|Win32
		{D7A04ABE-CAB4-4762-9696-127E76EA35B3}.Debug|Win32.Build.0 = Debug|Win32
		{D7A04ABE-CAB4-4762-9696-127E76EA35B3}.Release|Win32.ActiveCfg = Release|Win32
		{D7A04ABE-CAB4-4762-9696-127E76EA35B3}.Release|Win32.Build.0 = Release|Win32
		{21270364-631D-48C8-A710-D7C9472EDEE5}.Debug|Win32.ActiveCfg = Debug|Win32
		{21270364-631D-48C8-A710-D7C9472EDEE5}.Debug|Win32.Build.0 = Debug|Win32
		{21270364-631D-48C8-A710-D7C9472EDEE5}.Release|Win32.ActiveCfg = Release|Win32
		{21270364-631D-48C8-A710-D7C9472EDEE5}.Release|Win32.Build.0 = Release|Win32
	EndGlobalSection
	GlobalSection(SolutionProperties) = preSolution
		HideSolutionNode = FALSE
	EndGlobalSection
EndGlobal
